// !$*UTF8*$!
{
	archiveVersion = 1;
	classes = {
	};
	objectVersion = 77;
	objects = {

/* Begin PBXBuildFile section */
		57DAF5392DE5D2E70033405C /* .gitignore in Resources */ = {isa = PBXBuildFile; fileRef = 57DAF5382DE5D2E40033405C /* .gitignore */; };
		57DAF55C2DE75BB70033405C /* PrivacyInfo.xcprivacy in Resources */ = {isa = PBXBuildFile; fileRef = 57DAF55B2DE75BB70033405C /* PrivacyInfo.xcprivacy */; };
		57ED595F2E09D61800694E0F /* .swiftformat in Resources */ = {isa = PBXBuildFile; fileRef = 57ED595E2E09D61600694E0F /* .swiftformat */; };
		57ED59612E09D62000694E0F /* .swift-version in Resources */ = {isa = PBXBuildFile; fileRef = 57ED59602E09D61C00694E0F /* .swift-version */; };
/* End PBXBuildFile section */

/* Begin PBXContainerItemProxy section */
		57DAF5082DE540B30033405C /* PBXContainerItemProxy */ = {
			isa = PBXContainerItemProxy;
			containerPortal = 57DAF4EE2DE540B20033405C /* Project object */;
			proxyType = 1;
			remoteGlobalIDString = 57DAF4F52DE540B20033405C;
			remoteInfo = MiniMint;
		};
		57DAF5122DE540B30033405C /* PBXContainerItemProxy */ = {
			isa = PBXContainerItemProxy;
			containerPortal = 57DAF4EE2DE540B20033405C /* Project object */;
			proxyType = 1;
			remoteGlobalIDString = 57DAF4F52DE540B20033405C;
			remoteInfo = MiniMint;
		};
/* End PBXContainerItemProxy section */

/* Begin PBXFileReference section */
		57DAF4F62DE540B20033405C /* MiniMint.app */ = {isa = PBXFileReference; explicitFileType = wrapper.application; includeInIndex = 0; path = MiniMint.app; sourceTree = BUILT_PRODUCTS_DIR; };
		57DAF5072DE540B30033405C /* MiniMintTests.xctest */ = {isa = PBXFileReference; explicitFileType = wrapper.cfbundle; includeInIndex = 0; path = MiniMintTests.xctest; sourceTree = BUILT_PRODUCTS_DIR; };
		57DAF5112DE540B30033405C /* MiniMintUITests.xctest */ = {isa = PBXFileReference; explicitFileType = wrapper.cfbundle; includeInIndex = 0; path = MiniMintUITests.xctest; sourceTree = BUILT_PRODUCTS_DIR; };
		57DAF5382DE5D2E40033405C /* .gitignore */ = {isa = PBXFileReference; lastKnownFileType = text; path = .gitignore; sourceTree = "<group>"; };
		57DAF55B2DE75BB70033405C /* PrivacyInfo.xcprivacy */ = {isa = PBXFileReference; lastKnownFileType = text.xml; path = PrivacyInfo.xcprivacy; sourceTree = "<group>"; };
		57ED595E2E09D61600694E0F /* .swiftformat */ = {isa = PBXFileReference; lastKnownFileType = text; path = .swiftformat; sourceTree = "<group>"; };
		57ED59602E09D61C00694E0F /* .swift-version */ = {isa = PBXFileReference; lastKnownFileType = text; path = ".swift-version"; sourceTree = "<group>"; };
/* End PBXFileReference section */

/* Begin PBXFileSystemSynchronizedBuildFileExceptionSet section */
		57DAF5192DE540B30033405C /* Exceptions for "MiniMint" folder in "MiniMint" target */ = {
			isa = PBXFileSystemSynchronizedBuildFileExceptionSet;
			membershipExceptions = (
				Info.plist,
			);
			target = 57DAF4F52DE540B20033405C /* MiniMint */;
		};
/* End PBXFileSystemSynchronizedBuildFileExceptionSet section */

/* Begin PBXFileSystemSynchronizedRootGroup section */
		57DAF4F82DE540B20033405C /* MiniMint */ = {
			isa = PBXFileSystemSynchronizedRootGroup;
			exceptions = (
				57DAF5192DE540B30033405C /* Exceptions for "MiniMint" folder in "MiniMint" target */,
			);
			path = MiniMint;
			sourceTree = "<group>";
		};
		57DAF50A2DE540B30033405C /* MiniMintTests */ = {
			isa = PBXFileSystemSynchronizedRootGroup;
			path = MiniMintTests;
			sourceTree = "<group>";
		};
		57DAF5142DE540B30033405C /* MiniMintUITests */ = {
			isa = PBXFileSystemSynchronizedRootGroup;
			path = MiniMintUITests;
			sourceTree = "<group>";
		};
/* End PBXFileSystemSynchronizedRootGroup section */

/* Begin PBXFrameworksBuildPhase section */
		57DAF4F32DE540B20033405C /* Frameworks */ = {
			isa = PBXFrameworksBuildPhase;
			buildActionMask = 2147483647;
			files = (
			);
			runOnlyForDeploymentPostprocessing = 0;
		};
		57DAF5042DE540B30033405C /* Frameworks */ = {
			isa = PBXFrameworksBuildPhase;
			buildActionMask = 2147483647;
			files = (
			);
			runOnlyForDeploymentPostprocessing = 0;
		};
		57DAF50E2DE540B30033405C /* Frameworks */ = {
			isa = PBXFrameworksBuildPhase;
			buildActionMask = 2147483647;
			files = (
			);
			runOnlyForDeploymentPostprocessing = 0;
		};
/* End PBXFrameworksBuildPhase section */

/* Begin PBXGroup section */
		57DAF4ED2DE540B20033405C = {
			isa = PBXGroup;
			children = (
				57ED59602E09D61C00694E0F /* .swift-version */,
				57ED595E2E09D61600694E0F /* .swiftformat */,
				57DAF55B2DE75BB70033405C /* PrivacyInfo.xcprivacy */,
				57DAF4F82DE540B20033405C /* MiniMint */,
				57DAF50A2DE540B30033405C /* MiniMintTests */,
				57DAF5142DE540B30033405C /* MiniMintUITests */,
				57DAF4F72DE540B20033405C /* Products */,
				57DAF5382DE5D2E40033405C /* .gitignore */,
			);
			sourceTree = "<group>";
		};
		57DAF4F72DE540B20033405C /* Products */ = {
			isa = PBXGroup;
			children = (
				57DAF4F62DE540B20033405C /* MiniMint.app */,
				57DAF5072DE540B30033405C /* MiniMintTests.xctest */,
				57DAF5112DE540B30033405C /* MiniMintUITests.xctest */,
			);
			name = Products;
			sourceTree = "<group>";
		};
/* End PBXGroup section */

/* Begin PBXNativeTarget section */
		57DAF4F52DE540B20033405C /* MiniMint */ = {
			isa = PBXNativeTarget;
			buildConfigurationList = 57DAF51A2DE540B30033405C /* Build configuration list for PBXNativeTarget "MiniMint" */;
			buildPhases = (
				57DAF4F22DE540B20033405C /* Sources */,
				57DAF4F32DE540B20033405C /* Frameworks */,
				57DAF4F42DE540B20033405C /* Resources */,
			);
			buildRules = (
			);
			dependencies = (
			);
			fileSystemSynchronizedGroups = (
				57DAF4F82DE540B20033405C /* MiniMint */,
			);
			name = MiniMint;
			packageProductDependencies = (
			);
			productName = MiniMint;
			productReference = 57DAF4F62DE540B20033405C /* MiniMint.app */;
			productType = "com.apple.product-type.application";
		};
		57DAF5062DE540B30033405C /* MiniMintTests */ = {
			isa = PBXNativeTarget;
			buildConfigurationList = 57DAF51F2DE540B30033405C /* Build configuration list for PBXNativeTarget "MiniMintTests" */;
			buildPhases = (
				57DAF5032DE540B30033405C /* Sources */,
				57DAF5042DE540B30033405C /* Frameworks */,
				57DAF5052DE540B30033405C /* Resources */,
			);
			buildRules = (
			);
			dependencies = (
				57DAF5092DE540B30033405C /* PBXTargetDependency */,
			);
			fileSystemSynchronizedGroups = (
				57DAF50A2DE540B30033405C /* MiniMintTests */,
			);
			name = MiniMintTests;
			packageProductDependencies = (
			);
			productName = MiniMintTests;
			productReference = 57DAF5072DE540B30033405C /* MiniMintTests.xctest */;
			productType = "com.apple.product-type.bundle.unit-test";
		};
		57DAF5102DE540B30033405C /* MiniMintUITests */ = {
			isa = PBXNativeTarget;
			buildConfigurationList = 57DAF5222DE540B30033405C /* Build configuration list for PBXNativeTarget "MiniMintUITests" */;
			buildPhases = (
				57DAF50D2DE540B30033405C /* Sources */,
				57DAF50E2DE540B30033405C /* Frameworks */,
				57DAF50F2DE540B30033405C /* Resources */,
			);
			buildRules = (
			);
			dependencies = (
				57DAF5132DE540B30033405C /* PBXTargetDependency */,
			);
			fileSystemSynchronizedGroups = (
				57DAF5142DE540B30033405C /* MiniMintUITests */,
			);
			name = MiniMintUITests;
			packageProductDependencies = (
			);
			productName = MiniMintUITests;
			productReference = 57DAF5112DE540B30033405C /* MiniMintUITests.xctest */;
			productType = "com.apple.product-type.bundle.ui-testing";
		};
/* End PBXNativeTarget section */

/* Begin PBXProject section */
		57DAF4EE2DE540B20033405C /* Project object */ = {
			isa = PBXProject;
			attributes = {
				BuildIndependentTargetsInParallel = 1;
				LastSwiftUpdateCheck = 1630;
				LastUpgradeCheck = 1630;
				TargetAttributes = {
					57DAF4F52DE540B20033405C = {
						CreatedOnToolsVersion = 16.3;
					};
					57DAF5062DE540B30033405C = {
						CreatedOnToolsVersion = 16.3;
						TestTargetID = 57DAF4F52DE540B20033405C;
					};
					57DAF5102DE540B30033405C = {
						CreatedOnToolsVersion = 16.3;
						TestTargetID = 57DAF4F52DE540B20033405C;
					};
				};
			};
			buildConfigurationList = 57DAF4F12DE540B20033405C /* Build configuration list for PBXProject "MiniMint" */;
			developmentRegion = en;
			hasScannedForEncodings = 0;
			knownRegions = (
				en,
				Base,
			);
			mainGroup = 57DAF4ED2DE540B20033405C;
			minimizedProjectReferenceProxies = 1;
			preferredProjectObjectVersion = 77;
			productRefGroup = 57DAF4F72DE540B20033405C /* Products */;
			projectDirPath = "";
			projectRoot = "";
			targets = (
				57DAF4F52DE540B20033405C /* MiniMint */,
				57DAF5062DE540B30033405C /* MiniMintTests */,
				57DAF5102DE540B30033405C /* MiniMintUITests */,
			);
		};
/* End PBXProject section */

/* Begin PBXResourcesBuildPhase section */
		57DAF4F42DE540B20033405C /* Resources */ = {
			isa = PBXResourcesBuildPhase;
			buildActionMask = 2147483647;
			files = (
				57ED595F2E09D61800694E0F /* .swiftformat in Resources */,
				57DAF55C2DE75BB70033405C /* PrivacyInfo.xcprivacy in Resources */,
				57DAF5392DE5D2E70033405C /* .gitignore in Resources */,
				57ED59612E09D62000694E0F /* .swift-version in Resources */,
			);
			runOnlyForDeploymentPostprocessing = 0;
		};
		57DAF5052DE540B30033405C /* Resources */ = {
			isa = PBXResourcesBuildPhase;
			buildActionMask = 2147483647;
			files = (
			);
			runOnlyForDeploymentPostprocessing = 0;
		};
		57DAF50F2DE540B30033405C /* Resources */ = {
			isa = PBXResourcesBuildPhase;
			buildActionMask = 2147483647;
			files = (
			);
			runOnlyForDeploymentPostprocessing = 0;
		};
/* End PBXResourcesBuildPhase section */

/* Begin PBXSourcesBuildPhase section */
		57DAF4F22DE540B20033405C /* Sources */ = {
			isa = PBXSourcesBuildPhase;
			buildActionMask = 2147483647;
			files = (
			);
			runOnlyForDeploymentPostprocessing = 0;
		};
		57DAF5032DE540B30033405C /* Sources */ = {
			isa = PBXSourcesBuildPhase;
			buildActionMask = 2147483647;
			files = (
			);
			runOnlyForDeploymentPostprocessing = 0;
		};
		57DAF50D2DE540B30033405C /* Sources */ = {
			isa = PBXSourcesBuildPhase;
			buildActionMask = 2147483647;
			files = (
			);
			runOnlyForDeploymentPostprocessing = 0;
		};
/* End PBXSourcesBuildPhase section */

/* Begin PBXTargetDependency section */
		57DAF5092DE540B30033405C /* PBXTargetDependency */ = {
			isa = PBXTargetDependency;
			target = 57DAF4F52DE540B20033405C /* MiniMint */;
			targetProxy = 57DAF5082DE540B30033405C /* PBXContainerItemProxy */;
		};
		57DAF5132DE540B30033405C /* PBXTargetDependency */ = {
			isa = PBXTargetDependency;
			target = 57DAF4F52DE540B20033405C /* MiniMint */;
			targetProxy = 57DAF5122DE540B30033405C /* PBXContainerItemProxy */;
		};
/* End PBXTargetDependency section */

/* Begin XCBuildConfiguration section */
		57DAF51B2DE540B30033405C /* Debug */ = {
			isa = XCBuildConfiguration;
			buildSettings = {
				ASSETCATALOG_COMPILER_APPICON_NAME = AppIcon;
				ASSETCATALOG_COMPILER_GLOBAL_ACCENT_COLOR_NAME = AccentColor;
				CODE_SIGN_ENTITLEMENTS = MiniMint/MiniMint.entitlements;
				CODE_SIGN_STYLE = Automatic;
				CURRENT_PROJECT_VERSION = 1;
				DEVELOPMENT_TEAM = P9DZH3LW75;
				ENABLE_PREVIEWS = YES;
				GENERATE_INFOPLIST_FILE = YES;
				INFOPLIST_FILE = MiniMint/Info.plist;
				INFOPLIST_KEY_CFBundleDisplayName = "Mini Mint";
				INFOPLIST_KEY_LSApplicationCategoryType = "public.app-category.finance";
				INFOPLIST_KEY_UIApplicationSceneManifest_Generation = YES;
				INFOPLIST_KEY_UIApplicationSupportsIndirectInputEvents = YES;
				INFOPLIST_KEY_UILaunchScreen_Generation = YES;
				INFOPLIST_KEY_UISupportedInterfaceOrientations_iPad = "UIInterfaceOrientationPortrait UIInterfaceOrientationPortraitUpsideDown UIInterfaceOrientationLandscapeLeft UIInterfaceOrientationLandscapeRight";
				INFOPLIST_KEY_UISupportedInterfaceOrientations_iPhone = "UIInterfaceOrientationPortrait UIInterfaceOrientationLandscapeLeft UIInterfaceOrientationLandscapeRight";
				LD_RUNPATH_SEARCH_PATHS = (
					"$(inherited)",
					"@executable_path/Frameworks",
				);
				MARKETING_VERSION = 1.1.0;
				PRODUCT_BUNDLE_IDENTIFIER = ca.minimint.MiniMint;
				PRODUCT_NAME = "$(TARGET_NAME)";
				SUPPORTED_PLATFORMS = "iphoneos iphonesimulator";
				SUPPORTS_MACCATALYST = NO;
				SUPPORTS_MAC_DESIGNED_FOR_IPHONE_IPAD = NO;
				SUPPORTS_XR_DESIGNED_FOR_IPHONE_IPAD = NO;
				SWIFT_EMIT_LOC_STRINGS = YES;
				SWIFT_VERSION = 5.0;
				TARGETED_DEVICE_FAMILY = 1;
			};
			name = Debug;
		};
		57DAF51C2DE540B30033405C /* Release */ = {
			isa = XCBuildConfiguration;
			buildSettings = {
				ASSETCATALOG_COMPILER_APPICON_NAME = AppIcon;
				ASSETCATALOG_COMPILER_GLOBAL_ACCENT_COLOR_NAME = AccentColor;
				CODE_SIGN_ENTITLEMENTS = MiniMint/MiniMint.entitlements;
				CODE_SIGN_STYLE = Automatic;
				CURRENT_PROJECT_VERSION = 1;
				DEVELOPMENT_TEAM = P9DZH3LW75;
				ENABLE_PREVIEWS = YES;
				GENERATE_INFOPLIST_FILE = YES;
				INFOPLIST_FILE = MiniMint/Info.plist;
				INFOPLIST_KEY_CFBundleDisplayName = "Mini Mint";
				INFOPLIST_KEY_LSApplicationCategoryType = "public.app-category.finance";
				INFOPLIST_KEY_UIApplicationSceneManifest_Generation = YES;
				INFOPLIST_KEY_UIApplicationSupportsIndirectInputEvents = YES;
				INFOPLIST_KEY_UILaunchScreen_Generation = YES;
				INFOPLIST_KEY_UISupportedInterfaceOrientations_iPad = "UIInterfaceOrientationPortrait UIInterfaceOrientationPortraitUpsideDown UIInterfaceOrientationLandscapeLeft UIInterfaceOrientationLandscapeRight";
				INFOPLIST_KEY_UISupportedInterfaceOrientations_iPhone = "UIInterfaceOrientationPortrait UIInterfaceOrientationLandscapeLeft UIInterfaceOrientationLandscapeRight";
				LD_RUNPATH_SEARCH_PATHS = (
					"$(inherited)",
					"@executable_path/Frameworks",
				);
				MARKETING_VERSION = 1.1.0;
				PRODUCT_BUNDLE_IDENTIFIER = ca.minimint.MiniMint;
				PRODUCT_NAME = "$(TARGET_NAME)";
				SUPPORTED_PLATFORMS = "iphoneos iphonesimulator";
				SUPPORTS_MACCATALYST = NO;
				SUPPORTS_MAC_DESIGNED_FOR_IPHONE_IPAD = NO;
				SUPPORTS_XR_DESIGNED_FOR_IPHONE_IPAD = NO;
				SWIFT_EMIT_LOC_STRINGS = YES;
				SWIFT_VERSION = 5.0;
				TARGETED_DEVICE_FAMILY = 1;
			};
			name = Release;
		};
		57DAF51D2DE540B30033405C /* Debug */ = {
			isa = XCBuildConfiguration;
			buildSettings = {
				ALWAYS_SEARCH_USER_PATHS = NO;
				ASSETCATALOG_COMPILER_GENERATE_SWIFT_ASSET_SYMBOL_EXTENSIONS = YES;
				CLANG_ANALYZER_NONNULL = YES;
				CLANG_ANALYZER_NUMBER_OBJECT_CONVERSION = YES_AGGRESSIVE;
				CLANG_CXX_LANGUAGE_STANDARD = "gnu++20";
				CLANG_ENABLE_MODULES = YES;
				CLANG_ENABLE_OBJC_ARC = YES;
				CLANG_ENABLE_OBJC_WEAK = YES;
				CLANG_WARN_BLOCK_CAPTURE_AUTORELEASING = YES;
				CLANG_WARN_BOOL_CONVERSION = YES;
				CLANG_WARN_COMMA = YES;
				CLANG_WARN_CONSTANT_CONVERSION = YES;
				CLANG_WARN_DEPRECATED_OBJC_IMPLEMENTATIONS = YES;
				CLANG_WARN_DIRECT_OBJC_ISA_USAGE = YES_ERROR;
				CLANG_WARN_DOCUMENTATION_COMMENTS = YES;
				CLANG_WARN_EMPTY_BODY = YES;
				CLANG_WARN_ENUM_CONVERSION = YES;
				CLANG_WARN_INFINITE_RECURSION = YES;
				CLANG_WARN_INT_CONVERSION = YES;
				CLANG_WARN_NON_LITERAL_NULL_CONVERSION = YES;
				CLANG_WARN_OBJC_IMPLICIT_RETAIN_SELF = YES;
				CLANG_WARN_OBJC_LITERAL_CONVERSION = YES;
				CLANG_WARN_OBJC_ROOT_CLASS = YES_ERROR;
				CLANG_WARN_QUOTED_INCLUDE_IN_FRAMEWORK_HEADER = YES;
				CLANG_WARN_RANGE_LOOP_ANALYSIS = YES;
				CLANG_WARN_STRICT_PROTOTYPES = YES;
				CLANG_WARN_SUSPICIOUS_MOVE = YES;
				CLANG_WARN_UNGUARDED_AVAILABILITY = YES_AGGRESSIVE;
				CLANG_WARN_UNREACHABLE_CODE = YES;
				CLANG_WARN__DUPLICATE_METHOD_MATCH = YES;
				COPY_PHASE_STRIP = NO;
				DEBUG_INFORMATION_FORMAT = dwarf;
				DEVELOPMENT_TEAM = P9DZH3LW75;
				ENABLE_STRICT_OBJC_MSGSEND = YES;
				ENABLE_TESTABILITY = YES;
				ENABLE_USER_SCRIPT_SANDBOXING = YES;
				GCC_C_LANGUAGE_STANDARD = gnu17;
				GCC_DYNAMIC_NO_PIC = NO;
				GCC_NO_COMMON_BLOCKS = YES;
				GCC_OPTIMIZATION_LEVEL = 0;
				GCC_PREPROCESSOR_DEFINITIONS = (
					"DEBUG=1",
					"$(inherited)",
				);
				GCC_WARN_64_TO_32_BIT_CONVERSION = YES;
				GCC_WARN_ABOUT_RETURN_TYPE = YES_ERROR;
				GCC_WARN_UNDECLARED_SELECTOR = YES;
				GCC_WARN_UNINITIALIZED_AUTOS = YES_AGGRESSIVE;
				GCC_WARN_UNUSED_FUNCTION = YES;
				GCC_WARN_UNUSED_VARIABLE = YES;
				IPHONEOS_DEPLOYMENT_TARGET = 18.4;
				LOCALIZATION_PREFERS_STRING_CATALOGS = YES;
				MTL_ENABLE_DEBUG_INFO = INCLUDE_SOURCE;
				MTL_FAST_MATH = YES;
				ONLY_ACTIVE_ARCH = YES;
				SDKROOT = iphoneos;
				SWIFT_ACTIVE_COMPILATION_CONDITIONS = "DEBUG $(inherited)";
				SWIFT_OPTIMIZATION_LEVEL = "-Onone";
			};
			name = Debug;
		};
		57DAF51E2DE540B30033405C /* Release */ = {
			isa = XCBuildConfiguration;
			buildSettings = {
				ALWAYS_SEARCH_USER_PATHS = NO;
				ASSETCATALOG_COMPILER_GENERATE_SWIFT_ASSET_SYMBOL_EXTENSIONS = YES;
				CLANG_ANALYZER_NONNULL = YES;
				CLANG_ANALYZER_NUMBER_OBJECT_CONVERSION = YES_AGGRESSIVE;
				CLANG_CXX_LANGUAGE_STANDARD = "gnu++20";
				CLANG_ENABLE_MODULES = YES;
				CLANG_ENABLE_OBJC_ARC = YES;
				CLANG_ENABLE_OBJC_WEAK = YES;
				CLANG_WARN_BLOCK_CAPTURE_AUTORELEASING = YES;
				CLANG_WARN_BOOL_CONVERSION = YES;
				CLANG_WARN_COMMA = YES;
				CLANG_WARN_CONSTANT_CONVERSION = YES;
				CLANG_WARN_DEPRECATED_OBJC_IMPLEMENTATIONS = YES;
				CLANG_WARN_DIRECT_OBJC_ISA_USAGE = YES_ERROR;
				CLANG_WARN_DOCUMENTATION_COMMENTS = YES;
				CLANG_WARN_EMPTY_BODY = YES;
				CLANG_WARN_ENUM_CONVERSION = YES;
				CLANG_WARN_INFINITE_RECURSION = YES;
				CLANG_WARN_INT_CONVERSION = YES;
				CLANG_WARN_NON_LITERAL_NULL_CONVERSION = YES;
				CLANG_WARN_OBJC_IMPLICIT_RETAIN_SELF = YES;
				CLANG_WARN_OBJC_LITERAL_CONVERSION = YES;
				CLANG_WARN_OBJC_ROOT_CLASS = YES_ERROR;
				CLANG_WARN_QUOTED_INCLUDE_IN_FRAMEWORK_HEADER = YES;
				CLANG_WARN_RANGE_LOOP_ANALYSIS = YES;
				CLANG_WARN_STRICT_PROTOTYPES = YES;
				CLANG_WARN_SUSPICIOUS_MOVE = YES;
				CLANG_WARN_UNGUARDED_AVAILABILITY = YES_AGGRESSIVE;
				CLANG_WARN_UNREACHABLE_CODE = YES;
				CLANG_WARN__DUPLICATE_METHOD_MATCH = YES;
				COPY_PHASE_STRIP = NO;
				DEBUG_INFORMATION_FORMAT = "dwarf-with-dsym";
				DEVELOPMENT_TEAM = P9DZH3LW75;
				ENABLE_NS_ASSERTIONS = NO;
				ENABLE_STRICT_OBJC_MSGSEND = YES;
				ENABLE_USER_SCRIPT_SANDBOXING = YES;
				GCC_C_LANGUAGE_STANDARD = gnu17;
				GCC_NO_COMMON_BLOCKS = YES;
				GCC_WARN_64_TO_32_BIT_CONVERSION = YES;
				GCC_WARN_ABOUT_RETURN_TYPE = YES_ERROR;
				GCC_WARN_UNDECLARED_SELECTOR = YES;
				GCC_WARN_UNINITIALIZED_AUTOS = YES_AGGRESSIVE;
				GCC_WARN_UNUSED_FUNCTION = YES;
				GCC_WARN_UNUSED_VARIABLE = YES;
				IPHONEOS_DEPLOYMENT_TARGET = 18.4;
				LOCALIZATION_PREFERS_STRING_CATALOGS = YES;
				MTL_ENABLE_DEBUG_INFO = NO;
				MTL_FAST_MATH = YES;
				SDKROOT = iphoneos;
				SWIFT_COMPILATION_MODE = wholemodule;
				VALIDATE_PRODUCT = YES;
			};
			name = Release;
		};
		57DAF5202DE540B30033405C /* Debug */ = {
			isa = XCBuildConfiguration;
			buildSettings = {
				BUNDLE_LOADER = "$(TEST_HOST)";
				CODE_SIGN_STYLE = Automatic;
				CURRENT_PROJECT_VERSION = 1;
				DEVELOPMENT_TEAM = P9DZH3LW75;
				GENERATE_INFOPLIST_FILE = YES;
				IPHONEOS_DEPLOYMENT_TARGET = 18.4;
				MARKETING_VERSION = 1.0;
				PRODUCT_BUNDLE_IDENTIFIER = ca.minimint.MiniMintTests;
				PRODUCT_NAME = "$(TARGET_NAME)";
				SUPPORTED_PLATFORMS = "iphoneos iphonesimulator";
				SUPPORTS_MACCATALYST = NO;
				SUPPORTS_MAC_DESIGNED_FOR_IPHONE_IPAD = NO;
				SUPPORTS_XR_DESIGNED_FOR_IPHONE_IPAD = NO;
				SWIFT_EMIT_LOC_STRINGS = NO;
				SWIFT_VERSION = 5.0;
				TARGETED_DEVICE_FAMILY = 1;
				TEST_HOST = "$(BUILT_PRODUCTS_DIR)/MiniMint.app/$(BUNDLE_EXECUTABLE_FOLDER_PATH)/MiniMint";
			};
			name = Debug;
		};
		57DAF5212DE540B30033405C /* Release */ = {
			isa = XCBuildConfiguration;
			buildSettings = {
				BUNDLE_LOADER = "$(TEST_HOST)";
				CODE_SIGN_STYLE = Automatic;
				CURRENT_PROJECT_VERSION = 1;
				DEVELOPMENT_TEAM = P9DZH3LW75;
				GENERATE_INFOPLIST_FILE = YES;
				IPHONEOS_DEPLOYMENT_TARGET = 18.4;
				MARKETING_VERSION = 1.0;
				PRODUCT_BUNDLE_IDENTIFIER = ca.minimint.MiniMintTests;
				PRODUCT_NAME = "$(TARGET_NAME)";
				SUPPORTED_PLATFORMS = "iphoneos iphonesimulator";
				SUPPORTS_MACCATALYST = NO;
				SUPPORTS_MAC_DESIGNED_FOR_IPHONE_IPAD = NO;
				SUPPORTS_XR_DESIGNED_FOR_IPHONE_IPAD = NO;
				SWIFT_EMIT_LOC_STRINGS = NO;
				SWIFT_VERSION = 5.0;
				TARGETED_DEVICE_FAMILY = 1;
				TEST_HOST = "$(BUILT_PRODUCTS_DIR)/MiniMint.app/$(BUNDLE_EXECUTABLE_FOLDER_PATH)/MiniMint";
			};
			name = Release;
		};
		57DAF5232DE540B30033405C /* Debug */ = {
			isa = XCBuildConfiguration;
			buildSettings = {
				CODE_SIGN_STYLE = Automatic;
				CURRENT_PROJECT_VERSION = 1;
				DEVELOPMENT_TEAM = P9DZH3LW75;
				GENERATE_INFOPLIST_FILE = YES;
				MARKETING_VERSION = 1.0;
				PRODUCT_BUNDLE_IDENTIFIER = ca.minimint.MiniMintUITests;
				PRODUCT_NAME = "$(TARGET_NAME)";
				SUPPORTED_PLATFORMS = "iphoneos iphonesimulator";
				SUPPORTS_MACCATALYST = NO;
				SUPPORTS_MAC_DESIGNED_FOR_IPHONE_IPAD = NO;
				SUPPORTS_XR_DESIGNED_FOR_IPHONE_IPAD = NO;
				SWIFT_EMIT_LOC_STRINGS = NO;
				SWIFT_VERSION = 5.0;
				TARGETED_DEVICE_FAMILY = 1;
				TEST_TARGET_NAME = MiniMint;
			};
			name = Debug;
		};
		57DAF5242DE540B30033405C /* Release */ = {
			isa = XCBuildConfiguration;
			buildSettings = {
				CODE_SIGN_STYLE = Automatic;
				CURRENT_PROJECT_VERSION = 1;
				DEVELOPMENT_TEAM = P9DZH3LW75;
				GENERATE_INFOPLIST_FILE = YES;
				MARKETING_VERSION = 1.0;
				PRODUCT_BUNDLE_IDENTIFIER = ca.minimint.MiniMintUITests;
				PRODUCT_NAME = "$(TARGET_NAME)";
				SUPPORTED_PLATFORMS = "iphoneos iphonesimulator";
				SUPPORTS_MACCATALYST = NO;
				SUPPORTS_MAC_DESIGNED_FOR_IPHONE_IPAD = NO;
				SUPPORTS_XR_DESIGNED_FOR_IPHONE_IPAD = NO;
				SWIFT_EMIT_LOC_STRINGS = NO;
				SWIFT_VERSION = 5.0;
				TARGETED_DEVICE_FAMILY = 1;
				TEST_TARGET_NAME = MiniMint;
			};
			name = Release;
		};
/* End XCBuildConfiguration section */

/* Begin XCConfigurationList section */
		57DAF4F12DE540B20033405C /* Build configuration list for PBXProject "MiniMint" */ = {
			isa = XCConfigurationList;
			buildConfigurations = (
				57DAF51D2DE540B30033405C /* Debug */,
				57DAF51E2DE540B30033405C /* Release */,
			);
			defaultConfigurationIsVisible = 0;
			defaultConfigurationName = Release;
		};
		57DAF51A2DE540B30033405C /* Build configuration list for PBXNativeTarget "MiniMint" */ = {
			isa = XCConfigurationList;
			buildConfigurations = (
				57DAF51B2DE540B30033405C /* Debug */,
				57DAF51C2DE540B30033405C /* Release */,
			);
			defaultConfigurationIsVisible = 0;
			defaultConfigurationName = Release;
		};
		57DAF51F2DE540B30033405C /* Build configuration list for PBXNativeTarget "MiniMintTests" */ = {
			isa = XCConfigurationList;
			buildConfigurations = (
				57DAF5202DE540B30033405C /* Debug */,
				57DAF5212DE540B30033405C /* Release */,
			);
			defaultConfigurationIsVisible = 0;
			defaultConfigurationName = Release;
		};
		57DAF5222DE540B30033405C /* Build configuration list for PBXNativeTarget "MiniMintUITests" */ = {
			isa = XCConfigurationList;
			buildConfigurations = (
				57DAF5232DE540B30033405C /* Debug */,
				57DAF5242DE540B30033405C /* Release */,
			);
			defaultConfigurationIsVisible = 0;
			defaultConfigurationName = Release;
		};
/* End XCConfigurationList section */
	};
	rootObject = 57DAF4EE2DE540B20033405C /* Project object */;
}
